// !$*UTF8*$!
{
	archiveVersion = 1;
	classes = {
	};
	objectVersion = 56;
	objects = {

/* Begin PBXBuildFile section */
		009245B55C52CEB29FBC1D4D /* Pods_Messanger_MessangerUITests.framework in Frameworks */ = {isa = PBXBuildFile; fileRef = 42FE184A4C80154FB9B83801 /* Pods_Messanger_MessangerUITests.framework */; };
		918B36234D4F9049F7D16234 /* Pods_Messanger.framework in Frameworks */ = {isa = PBXBuildFile; fileRef = 83F864221F632BB828819707 /* Pods_Messanger.framework */; };
		A6B320B62A3CAF51003C8A22 /* AppDelegate.swift in Sources */ = {isa = PBXBuildFile; fileRef = A6B320B52A3CAF51003C8A22 /* AppDelegate.swift */; };
		A6B320B82A3CAF51003C8A22 /* SceneDelegate.swift in Sources */ = {isa = PBXBuildFile; fileRef = A6B320B72A3CAF51003C8A22 /* SceneDelegate.swift */; };
		A6B320BA2A3CAF51003C8A22 /* ConversationsViewController.swift in Sources */ = {isa = PBXBuildFile; fileRef = A6B320B92A3CAF51003C8A22 /* ConversationsViewController.swift */; };
		A6B320BD2A3CAF51003C8A22 /* Main.storyboard in Resources */ = {isa = PBXBuildFile; fileRef = A6B320BB2A3CAF51003C8A22 /* Main.storyboard */; };
		A6B320BF2A3CAF53003C8A22 /* Assets.xcassets in Resources */ = {isa = PBXBuildFile; fileRef = A6B320BE2A3CAF53003C8A22 /* Assets.xcassets */; };
		A6B320C22A3CAF53003C8A22 /* LaunchScreen.storyboard in Resources */ = {isa = PBXBuildFile; fileRef = A6B320C02A3CAF53003C8A22 /* LaunchScreen.storyboard */; };
		A6B320CD2A3CAF53003C8A22 /* MessangerTests.swift in Sources */ = {isa = PBXBuildFile; fileRef = A6B320CC2A3CAF53003C8A22 /* MessangerTests.swift */; };
		A6B320D72A3CAF53003C8A22 /* MessangerUITests.swift in Sources */ = {isa = PBXBuildFile; fileRef = A6B320D62A3CAF53003C8A22 /* MessangerUITests.swift */; };
		A6B320D92A3CAF53003C8A22 /* MessangerUITestsLaunchTests.swift in Sources */ = {isa = PBXBuildFile; fileRef = A6B320D82A3CAF53003C8A22 /* MessangerUITestsLaunchTests.swift */; };
		A6B320EC2A3CB352003C8A22 /* LoginViewController.swift in Sources */ = {isa = PBXBuildFile; fileRef = A6B320EB2A3CB352003C8A22 /* LoginViewController.swift */; };
		A6B320EE2A3CB376003C8A22 /* RegisterViewController.swift in Sources */ = {isa = PBXBuildFile; fileRef = A6B320ED2A3CB376003C8A22 /* RegisterViewController.swift */; };
		A6B320F02A3CB396003C8A22 /* PhotoViewerViewController.swift in Sources */ = {isa = PBXBuildFile; fileRef = A6B320EF2A3CB396003C8A22 /* PhotoViewerViewController.swift */; };
		A6B320F32A3CB480003C8A22 /* NewConversationViewController.swift in Sources */ = {isa = PBXBuildFile; fileRef = A6B320F22A3CB480003C8A22 /* NewConversationViewController.swift */; };
		A6B320F52A3CB50A003C8A22 /* ProfileViewController.swift in Sources */ = {isa = PBXBuildFile; fileRef = A6B320F42A3CB50A003C8A22 /* ProfileViewController.swift */; };
		A6B320FA2A3CBD59003C8A22 /* Extensions.swift in Sources */ = {isa = PBXBuildFile; fileRef = A6B320F92A3CBD59003C8A22 /* Extensions.swift */; };
		A6CBC5F72A3D159F00800DE5 /* GoogleService-Info.plist in Resources */ = {isa = PBXBuildFile; fileRef = A6CBC5F62A3D159F00800DE5 /* GoogleService-Info.plist */; };
		A79358A066C7EE8AA784C82D /* Pods_MessangerTests.framework in Frameworks */ = {isa = PBXBuildFile; fileRef = 77B1459BA2FFC77423EF72E3 /* Pods_MessangerTests.framework */; };
/* End PBXBuildFile section */

/* Begin PBXContainerItemProxy section */
		A6B320C92A3CAF53003C8A22 /* PBXContainerItemProxy */ = {
			isa = PBXContainerItemProxy;
			containerPortal = A6B320AA2A3CAF51003C8A22 /* Project object */;
			proxyType = 1;
			remoteGlobalIDString = A6B320B12A3CAF51003C8A22;
			remoteInfo = Messanger;
		};
		A6B320D32A3CAF53003C8A22 /* PBXContainerItemProxy */ = {
			isa = PBXContainerItemProxy;
			containerPortal = A6B320AA2A3CAF51003C8A22 /* Project object */;
			proxyType = 1;
			remoteGlobalIDString = A6B320B12A3CAF51003C8A22;
			remoteInfo = Messanger;
		};
/* End PBXContainerItemProxy section */

/* Begin PBXFileReference section */
		3528238138B4831AD5B9231A /* Pods-MessangerTests.release.xcconfig */ = {isa = PBXFileReference; includeInIndex = 1; lastKnownFileType = text.xcconfig; name = "Pods-MessangerTests.release.xcconfig"; path = "Target Support Files/Pods-MessangerTests/Pods-MessangerTests.release.xcconfig"; sourceTree = "<group>"; };
		425B39A77F38A2FA437D366D /* Pods-Messanger-MessangerUITests.release.xcconfig */ = {isa = PBXFileReference; includeInIndex = 1; lastKnownFileType = text.xcconfig; name = "Pods-Messanger-MessangerUITests.release.xcconfig"; path = "Target Support Files/Pods-Messanger-MessangerUITests/Pods-Messanger-MessangerUITests.release.xcconfig"; sourceTree = "<group>"; };
		42FE184A4C80154FB9B83801 /* Pods_Messanger_MessangerUITests.framework */ = {isa = PBXFileReference; explicitFileType = wrapper.framework; includeInIndex = 0; path = Pods_Messanger_MessangerUITests.framework; sourceTree = BUILT_PRODUCTS_DIR; };
		62ADFD7EE78F53DA3A63FC40 /* Pods-MessangerTests.debug.xcconfig */ = {isa = PBXFileReference; includeInIndex = 1; lastKnownFileType = text.xcconfig; name = "Pods-MessangerTests.debug.xcconfig"; path = "Target Support Files/Pods-MessangerTests/Pods-MessangerTests.debug.xcconfig"; sourceTree = "<group>"; };
		77B1459BA2FFC77423EF72E3 /* Pods_MessangerTests.framework */ = {isa = PBXFileReference; explicitFileType = wrapper.framework; includeInIndex = 0; path = Pods_MessangerTests.framework; sourceTree = BUILT_PRODUCTS_DIR; };
		7B485D8794AB750E5DE8BF0F /* Pods-Messanger-MessangerUITests.debug.xcconfig */ = {isa = PBXFileReference; includeInIndex = 1; lastKnownFileType = text.xcconfig; name = "Pods-Messanger-MessangerUITests.debug.xcconfig"; path = "Target Support Files/Pods-Messanger-MessangerUITests/Pods-Messanger-MessangerUITests.debug.xcconfig"; sourceTree = "<group>"; };
		83F864221F632BB828819707 /* Pods_Messanger.framework */ = {isa = PBXFileReference; explicitFileType = wrapper.framework; includeInIndex = 0; path = Pods_Messanger.framework; sourceTree = BUILT_PRODUCTS_DIR; };
		87A8A5997F7CD258CBB56B8C /* Pods-Messanger.debug.xcconfig */ = {isa = PBXFileReference; includeInIndex = 1; lastKnownFileType = text.xcconfig; name = "Pods-Messanger.debug.xcconfig"; path = "Target Support Files/Pods-Messanger/Pods-Messanger.debug.xcconfig"; sourceTree = "<group>"; };
		A6B320B22A3CAF51003C8A22 /* Messanger.app */ = {isa = PBXFileReference; explicitFileType = wrapper.application; includeInIndex = 0; path = Messanger.app; sourceTree = BUILT_PRODUCTS_DIR; };
		A6B320B52A3CAF51003C8A22 /* AppDelegate.swift */ = {isa = PBXFileReference; lastKnownFileType = sourcecode.swift; path = AppDelegate.swift; sourceTree = "<group>"; };
		A6B320B72A3CAF51003C8A22 /* SceneDelegate.swift */ = {isa = PBXFileReference; lastKnownFileType = sourcecode.swift; path = SceneDelegate.swift; sourceTree = "<group>"; };
		A6B320B92A3CAF51003C8A22 /* ConversationsViewController.swift */ = {isa = PBXFileReference; lastKnownFileType = sourcecode.swift; path = ConversationsViewController.swift; sourceTree = "<group>"; };
		A6B320BC2A3CAF51003C8A22 /* Base */ = {isa = PBXFileReference; lastKnownFileType = file.storyboard; name = Base; path = Base.lproj/Main.storyboard; sourceTree = "<group>"; };
		A6B320BE2A3CAF53003C8A22 /* Assets.xcassets */ = {isa = PBXFileReference; lastKnownFileType = folder.assetcatalog; path = Assets.xcassets; sourceTree = "<group>"; };
		A6B320C12A3CAF53003C8A22 /* Base */ = {isa = PBXFileReference; lastKnownFileType = file.storyboard; name = Base; path = Base.lproj/LaunchScreen.storyboard; sourceTree = "<group>"; };
		A6B320C32A3CAF53003C8A22 /* Info.plist */ = {isa = PBXFileReference; lastKnownFileType = text.plist.xml; path = Info.plist; sourceTree = "<group>"; };
		A6B320C82A3CAF53003C8A22 /* MessangerTests.xctest */ = {isa = PBXFileReference; explicitFileType = wrapper.cfbundle; includeInIndex = 0; path = MessangerTests.xctest; sourceTree = BUILT_PRODUCTS_DIR; };
		A6B320CC2A3CAF53003C8A22 /* MessangerTests.swift */ = {isa = PBXFileReference; lastKnownFileType = sourcecode.swift; path = MessangerTests.swift; sourceTree = "<group>"; };
		A6B320D22A3CAF53003C8A22 /* MessangerUITests.xctest */ = {isa = PBXFileReference; explicitFileType = wrapper.cfbundle; includeInIndex = 0; path = MessangerUITests.xctest; sourceTree = BUILT_PRODUCTS_DIR; };
		A6B320D62A3CAF53003C8A22 /* MessangerUITests.swift */ = {isa = PBXFileReference; lastKnownFileType = sourcecode.swift; path = MessangerUITests.swift; sourceTree = "<group>"; };
		A6B320D82A3CAF53003C8A22 /* MessangerUITestsLaunchTests.swift */ = {isa = PBXFileReference; lastKnownFileType = sourcecode.swift; path = MessangerUITestsLaunchTests.swift; sourceTree = "<group>"; };
		A6B320EB2A3CB352003C8A22 /* LoginViewController.swift */ = {isa = PBXFileReference; lastKnownFileType = sourcecode.swift; path = LoginViewController.swift; sourceTree = "<group>"; };
		A6B320ED2A3CB376003C8A22 /* RegisterViewController.swift */ = {isa = PBXFileReference; lastKnownFileType = sourcecode.swift; path = RegisterViewController.swift; sourceTree = "<group>"; };
		A6B320EF2A3CB396003C8A22 /* PhotoViewerViewController.swift */ = {isa = PBXFileReference; lastKnownFileType = sourcecode.swift; path = PhotoViewerViewController.swift; sourceTree = "<group>"; };
		A6B320F22A3CB480003C8A22 /* NewConversationViewController.swift */ = {isa = PBXFileReference; lastKnownFileType = sourcecode.swift; path = NewConversationViewController.swift; sourceTree = "<group>"; };
		A6B320F42A3CB50A003C8A22 /* ProfileViewController.swift */ = {isa = PBXFileReference; lastKnownFileType = sourcecode.swift; path = ProfileViewController.swift; sourceTree = "<group>"; };
		A6B320F92A3CBD59003C8A22 /* Extensions.swift */ = {isa = PBXFileReference; lastKnownFileType = sourcecode.swift; path = Extensions.swift; sourceTree = "<group>"; };
		A6CBC5F62A3D159F00800DE5 /* GoogleService-Info.plist */ = {isa = PBXFileReference; fileEncoding = 4; lastKnownFileType = text.plist.xml; name = "GoogleService-Info.plist"; path = "../../../Downloads/GoogleService-Info.plist"; sourceTree = "<group>"; };
		E20CBF02D3368B65DDF90048 /* Pods-Messanger.release.xcconfig */ = {isa = PBXFileReference; includeInIndex = 1; lastKnownFileType = text.xcconfig; name = "Pods-Messanger.release.xcconfig"; path = "Target Support Files/Pods-Messanger/Pods-Messanger.release.xcconfig"; sourceTree = "<group>"; };
/* End PBXFileReference section */

/* Begin PBXFrameworksBuildPhase section */
		A6B320AF2A3CAF51003C8A22 /* Frameworks */ = {
			isa = PBXFrameworksBuildPhase;
			buildActionMask = 2147483647;
			files = (
				918B36234D4F9049F7D16234 /* Pods_Messanger.framework in Frameworks */,
			);
			runOnlyForDeploymentPostprocessing = 0;
		};
		A6B320C52A3CAF53003C8A22 /* Frameworks */ = {
			isa = PBXFrameworksBuildPhase;
			buildActionMask = 2147483647;
			files = (
				A79358A066C7EE8AA784C82D /* Pods_MessangerTests.framework in Frameworks */,
			);
			runOnlyForDeploymentPostprocessing = 0;
		};
		A6B320CF2A3CAF53003C8A22 /* Frameworks */ = {
			isa = PBXFrameworksBuildPhase;
			buildActionMask = 2147483647;
			files = (
				009245B55C52CEB29FBC1D4D /* Pods_Messanger_MessangerUITests.framework in Frameworks */,
			);
			runOnlyForDeploymentPostprocessing = 0;
		};
/* End PBXFrameworksBuildPhase section */

/* Begin PBXGroup section */
		44D97C32D1A45A8E03469455 /* Pods */ = {
			isa = PBXGroup;
			children = (
				87A8A5997F7CD258CBB56B8C /* Pods-Messanger.debug.xcconfig */,
				E20CBF02D3368B65DDF90048 /* Pods-Messanger.release.xcconfig */,
				7B485D8794AB750E5DE8BF0F /* Pods-Messanger-MessangerUITests.debug.xcconfig */,
				425B39A77F38A2FA437D366D /* Pods-Messanger-MessangerUITests.release.xcconfig */,
				62ADFD7EE78F53DA3A63FC40 /* Pods-MessangerTests.debug.xcconfig */,
				3528238138B4831AD5B9231A /* Pods-MessangerTests.release.xcconfig */,
			);
			path = Pods;
			sourceTree = "<group>";
		};
		90401D77077F72F4954B2029 /* Frameworks */ = {
			isa = PBXGroup;
			children = (
				83F864221F632BB828819707 /* Pods_Messanger.framework */,
				42FE184A4C80154FB9B83801 /* Pods_Messanger_MessangerUITests.framework */,
				77B1459BA2FFC77423EF72E3 /* Pods_MessangerTests.framework */,
			);
			name = Frameworks;
			sourceTree = "<group>";
		};
		A6B320A92A3CAF51003C8A22 = {
			isa = PBXGroup;
			children = (
				A6B320B42A3CAF51003C8A22 /* Messanger */,
				A6B320CB2A3CAF53003C8A22 /* MessangerTests */,
				A6B320D52A3CAF53003C8A22 /* MessangerUITests */,
				A6B320B32A3CAF51003C8A22 /* Products */,
				44D97C32D1A45A8E03469455 /* Pods */,
				90401D77077F72F4954B2029 /* Frameworks */,
			);
			sourceTree = "<group>";
		};
		A6B320B32A3CAF51003C8A22 /* Products */ = {
			isa = PBXGroup;
			children = (
				A6B320B22A3CAF51003C8A22 /* Messanger.app */,
				A6B320C82A3CAF53003C8A22 /* MessangerTests.xctest */,
				A6B320D22A3CAF53003C8A22 /* MessangerUITests.xctest */,
			);
			name = Products;
			sourceTree = "<group>";
		};
		A6B320B42A3CAF51003C8A22 /* Messanger */ = {
			isa = PBXGroup;
			children = (
				A6CBC5F62A3D159F00800DE5 /* GoogleService-Info.plist */,
				A6B320E92A3CB181003C8A22 /* Resources */,
				A6B320E82A3CB16D003C8A22 /* ViewModels */,
				A6B320E72A3CB167003C8A22 /* Models */,
				A6B320E62A3CB15D003C8A22 /* Views */,
				A6B320E52A3CB158003C8A22 /* Controllers */,
				A6B320C32A3CAF53003C8A22 /* Info.plist */,
			);
			path = Messanger;
			sourceTree = "<group>";
		};
		A6B320CB2A3CAF53003C8A22 /* MessangerTests */ = {
			isa = PBXGroup;
			children = (
				A6B320CC2A3CAF53003C8A22 /* MessangerTests.swift */,
			);
			path = MessangerTests;
			sourceTree = "<group>";
		};
		A6B320D52A3CAF53003C8A22 /* MessangerUITests */ = {
			isa = PBXGroup;
			children = (
				A6B320D62A3CAF53003C8A22 /* MessangerUITests.swift */,
				A6B320D82A3CAF53003C8A22 /* MessangerUITestsLaunchTests.swift */,
			);
			path = MessangerUITests;
			sourceTree = "<group>";
		};
		A6B320E52A3CB158003C8A22 /* Controllers */ = {
			isa = PBXGroup;
			children = (
				A6B320F62A3CB5AA003C8A22 /* Login */,
				A6B320B92A3CAF51003C8A22 /* ConversationsViewController.swift */,
				A6B320EF2A3CB396003C8A22 /* PhotoViewerViewController.swift */,
				A6B320F22A3CB480003C8A22 /* NewConversationViewController.swift */,
				A6B320F42A3CB50A003C8A22 /* ProfileViewController.swift */,
			);
			path = Controllers;
			sourceTree = "<group>";
		};
		A6B320E62A3CB15D003C8A22 /* Views */ = {
			isa = PBXGroup;
			children = (
				A6B320EA2A3CB1D1003C8A22 /* Storyboards */,
				A6B320BE2A3CAF53003C8A22 /* Assets.xcassets */,
			);
			path = Views;
			sourceTree = "<group>";
		};
		A6B320E72A3CB167003C8A22 /* Models */ = {
			isa = PBXGroup;
			children = (
			);
			path = Models;
			sourceTree = "<group>";
		};
		A6B320E82A3CB16D003C8A22 /* ViewModels */ = {
			isa = PBXGroup;
			children = (
			);
			path = ViewModels;
			sourceTree = "<group>";
		};
		A6B320E92A3CB181003C8A22 /* Resources */ = {
			isa = PBXGroup;
			children = (
				A6B320B52A3CAF51003C8A22 /* AppDelegate.swift */,
				A6B320B72A3CAF51003C8A22 /* SceneDelegate.swift */,
				A6B320F92A3CBD59003C8A22 /* Extensions.swift */,
			);
			path = Resources;
			sourceTree = "<group>";
		};
		A6B320EA2A3CB1D1003C8A22 /* Storyboards */ = {
			isa = PBXGroup;
			children = (
				A6B320C02A3CAF53003C8A22 /* LaunchScreen.storyboard */,
				A6B320BB2A3CAF51003C8A22 /* Main.storyboard */,
			);
			path = Storyboards;
			sourceTree = "<group>";
		};
		A6B320F62A3CB5AA003C8A22 /* Login */ = {
			isa = PBXGroup;
			children = (
				A6B320EB2A3CB352003C8A22 /* LoginViewController.swift */,
				A6B320ED2A3CB376003C8A22 /* RegisterViewController.swift */,
			);
			path = Login;
			sourceTree = "<group>";
		};
/* End PBXGroup section */

/* Begin PBXNativeTarget section */
		A6B320B12A3CAF51003C8A22 /* Messanger */ = {
			isa = PBXNativeTarget;
			buildConfigurationList = A6B320DC2A3CAF53003C8A22 /* Build configuration list for PBXNativeTarget "Messanger" */;
			buildPhases = (
				F2B54DE2320E0E0946264FF3 /* [CP] Check Pods Manifest.lock */,
				A6B320AE2A3CAF51003C8A22 /* Sources */,
				A6B320AF2A3CAF51003C8A22 /* Frameworks */,
				A6B320B02A3CAF51003C8A22 /* Resources */,
				775989B7E933211760E257AA /* [CP] Embed Pods Frameworks */,
			);
			buildRules = (
			);
			dependencies = (
			);
			name = Messanger;
			productName = Messanger;
			productReference = A6B320B22A3CAF51003C8A22 /* Messanger.app */;
			productType = "com.apple.product-type.application";
		};
		A6B320C72A3CAF53003C8A22 /* MessangerTests */ = {
			isa = PBXNativeTarget;
			buildConfigurationList = A6B320DF2A3CAF53003C8A22 /* Build configuration list for PBXNativeTarget "MessangerTests" */;
			buildPhases = (
				4AD919E95FC538EC44086337 /* [CP] Check Pods Manifest.lock */,
				A6B320C42A3CAF53003C8A22 /* Sources */,
				A6B320C52A3CAF53003C8A22 /* Frameworks */,
				A6B320C62A3CAF53003C8A22 /* Resources */,
			);
			buildRules = (
			);
			dependencies = (
				A6B320CA2A3CAF53003C8A22 /* PBXTargetDependency */,
			);
			name = MessangerTests;
			productName = MessangerTests;
			productReference = A6B320C82A3CAF53003C8A22 /* MessangerTests.xctest */;
			productType = "com.apple.product-type.bundle.unit-test";
		};
		A6B320D12A3CAF53003C8A22 /* MessangerUITests */ = {
			isa = PBXNativeTarget;
			buildConfigurationList = A6B320E22A3CAF53003C8A22 /* Build configuration list for PBXNativeTarget "MessangerUITests" */;
			buildPhases = (
				801072CE83908DBB0AC492BE /* [CP] Check Pods Manifest.lock */,
				A6B320CE2A3CAF53003C8A22 /* Sources */,
				A6B320CF2A3CAF53003C8A22 /* Frameworks */,
				A6B320D02A3CAF53003C8A22 /* Resources */,
				2CBA72D3BFE66E9123A70669 /* [CP] Embed Pods Frameworks */,
			);
			buildRules = (
			);
			dependencies = (
				A6B320D42A3CAF53003C8A22 /* PBXTargetDependency */,
			);
			name = MessangerUITests;
			productName = MessangerUITests;
			productReference = A6B320D22A3CAF53003C8A22 /* MessangerUITests.xctest */;
			productType = "com.apple.product-type.bundle.ui-testing";
		};
/* End PBXNativeTarget section */

/* Begin PBXProject section */
		A6B320AA2A3CAF51003C8A22 /* Project object */ = {
			isa = PBXProject;
			attributes = {
				BuildIndependentTargetsInParallel = 1;
				LastSwiftUpdateCheck = 1420;
				LastUpgradeCheck = 1420;
				TargetAttributes = {
					A6B320B12A3CAF51003C8A22 = {
						CreatedOnToolsVersion = 14.2;
					};
					A6B320C72A3CAF53003C8A22 = {
						CreatedOnToolsVersion = 14.2;
						TestTargetID = A6B320B12A3CAF51003C8A22;
					};
					A6B320D12A3CAF53003C8A22 = {
						CreatedOnToolsVersion = 14.2;
						TestTargetID = A6B320B12A3CAF51003C8A22;
					};
				};
			};
			buildConfigurationList = A6B320AD2A3CAF51003C8A22 /* Build configuration list for PBXProject "Messanger" */;
			compatibilityVersion = "Xcode 14.0";
			developmentRegion = en;
			hasScannedForEncodings = 0;
			knownRegions = (
				en,
				Base,
			);
			mainGroup = A6B320A92A3CAF51003C8A22;
			productRefGroup = A6B320B32A3CAF51003C8A22 /* Products */;
			projectDirPath = "";
			projectRoot = "";
			targets = (
				A6B320B12A3CAF51003C8A22 /* Messanger */,
				A6B320C72A3CAF53003C8A22 /* MessangerTests */,
				A6B320D12A3CAF53003C8A22 /* MessangerUITests */,
			);
		};
/* End PBXProject section */

/* Begin PBXResourcesBuildPhase section */
		A6B320B02A3CAF51003C8A22 /* Resources */ = {
			isa = PBXResourcesBuildPhase;
			buildActionMask = 2147483647;
			files = (
				A6B320C22A3CAF53003C8A22 /* LaunchScreen.storyboard in Resources */,
				A6CBC5F72A3D159F00800DE5 /* GoogleService-Info.plist in Resources */,
				A6B320BF2A3CAF53003C8A22 /* Assets.xcassets in Resources */,
				A6B320BD2A3CAF51003C8A22 /* Main.storyboard in Resources */,
			);
			runOnlyForDeploymentPostprocessing = 0;
		};
		A6B320C62A3CAF53003C8A22 /* Resources */ = {
			isa = PBXResourcesBuildPhase;
			buildActionMask = 2147483647;
			files = (
			);
			runOnlyForDeploymentPostprocessing = 0;
		};
		A6B320D02A3CAF53003C8A22 /* Resources */ = {
			isa = PBXResourcesBuildPhase;
			buildActionMask = 2147483647;
			files = (
			);
			runOnlyForDeploymentPostprocessing = 0;
		};
/* End PBXResourcesBuildPhase section */

/* Begin PBXShellScriptBuildPhase section */
		2CBA72D3BFE66E9123A70669 /* [CP] Embed Pods Frameworks */ = {
			isa = PBXShellScriptBuildPhase;
			buildActionMask = 2147483647;
			files = (
			);
			inputFileListPaths = (
				"${PODS_ROOT}/Target Support Files/Pods-Messanger-MessangerUITests/Pods-Messanger-MessangerUITests-frameworks-${CONFIGURATION}-input-files.xcfilelist",
			);
			name = "[CP] Embed Pods Frameworks";
			outputFileListPaths = (
				"${PODS_ROOT}/Target Support Files/Pods-Messanger-MessangerUITests/Pods-Messanger-MessangerUITests-frameworks-${CONFIGURATION}-output-files.xcfilelist",
			);
			runOnlyForDeploymentPostprocessing = 0;
			shellPath = /bin/sh;
			shellScript = "\"${PODS_ROOT}/Target Support Files/Pods-Messanger-MessangerUITests/Pods-Messanger-MessangerUITests-frameworks.sh\"\n";
			showEnvVarsInLog = 0;
		};
		4AD919E95FC538EC44086337 /* [CP] Check Pods Manifest.lock */ = {
			isa = PBXShellScriptBuildPhase;
			buildActionMask = 2147483647;
			files = (
			);
			inputFileListPaths = (
			);
			inputPaths = (
				"${PODS_PODFILE_DIR_PATH}/Podfile.lock",
				"${PODS_ROOT}/Manifest.lock",
			);
			name = "[CP] Check Pods Manifest.lock";
			outputFileListPaths = (
			);
			outputPaths = (
				"$(DERIVED_FILE_DIR)/Pods-MessangerTests-checkManifestLockResult.txt",
			);
			runOnlyForDeploymentPostprocessing = 0;
			shellPath = /bin/sh;
			shellScript = "diff \"${PODS_PODFILE_DIR_PATH}/Podfile.lock\" \"${PODS_ROOT}/Manifest.lock\" > /dev/null\nif [ $? != 0 ] ; then\n    # print error to STDERR\n    echo \"error: The sandbox is not in sync with the Podfile.lock. Run 'pod install' or update your CocoaPods installation.\" >&2\n    exit 1\nfi\n# This output is used by Xcode 'outputs' to avoid re-running this script phase.\necho \"SUCCESS\" > \"${SCRIPT_OUTPUT_FILE_0}\"\n";
			showEnvVarsInLog = 0;
		};
		775989B7E933211760E257AA /* [CP] Embed Pods Frameworks */ = {
			isa = PBXShellScriptBuildPhase;
			buildActionMask = 2147483647;
			files = (
			);
			inputFileListPaths = (
				"${PODS_ROOT}/Target Support Files/Pods-Messanger/Pods-Messanger-frameworks-${CONFIGURATION}-input-files.xcfilelist",
			);
			name = "[CP] Embed Pods Frameworks";
			outputFileListPaths = (
				"${PODS_ROOT}/Target Support Files/Pods-Messanger/Pods-Messanger-frameworks-${CONFIGURATION}-output-files.xcfilelist",
			);
			runOnlyForDeploymentPostprocessing = 0;
			shellPath = /bin/sh;
			shellScript = "\"${PODS_ROOT}/Target Support Files/Pods-Messanger/Pods-Messanger-frameworks.sh\"\n";
			showEnvVarsInLog = 0;
		};
		801072CE83908DBB0AC492BE /* [CP] Check Pods Manifest.lock */ = {
			isa = PBXShellScriptBuildPhase;
			buildActionMask = 2147483647;
			files = (
			);
			inputFileListPaths = (
			);
			inputPaths = (
				"${PODS_PODFILE_DIR_PATH}/Podfile.lock",
				"${PODS_ROOT}/Manifest.lock",
			);
			name = "[CP] Check Pods Manifest.lock";
			outputFileListPaths = (
			);
			outputPaths = (
				"$(DERIVED_FILE_DIR)/Pods-Messanger-MessangerUITests-checkManifestLockResult.txt",
			);
			runOnlyForDeploymentPostprocessing = 0;
			shellPath = /bin/sh;
			shellScript = "diff \"${PODS_PODFILE_DIR_PATH}/Podfile.lock\" \"${PODS_ROOT}/Manifest.lock\" > /dev/null\nif [ $? != 0 ] ; then\n    # print error to STDERR\n    echo \"error: The sandbox is not in sync with the Podfile.lock. Run 'pod install' or update your CocoaPods installation.\" >&2\n    exit 1\nfi\n# This output is used by Xcode 'outputs' to avoid re-running this script phase.\necho \"SUCCESS\" > \"${SCRIPT_OUTPUT_FILE_0}\"\n";
			showEnvVarsInLog = 0;
		};
		F2B54DE2320E0E0946264FF3 /* [CP] Check Pods Manifest.lock */ = {
			isa = PBXShellScriptBuildPhase;
			buildActionMask = 2147483647;
			files = (
			);
			inputFileListPaths = (
			);
			inputPaths = (
				"${PODS_PODFILE_DIR_PATH}/Podfile.lock",
				"${PODS_ROOT}/Manifest.lock",
			);
			name = "[CP] Check Pods Manifest.lock";
			outputFileListPaths = (
			);
			outputPaths = (
				"$(DERIVED_FILE_DIR)/Pods-Messanger-checkManifestLockResult.txt",
			);
			runOnlyForDeploymentPostprocessing = 0;
			shellPath = /bin/sh;
			shellScript = "diff \"${PODS_PODFILE_DIR_PATH}/Podfile.lock\" \"${PODS_ROOT}/Manifest.lock\" > /dev/null\nif [ $? != 0 ] ; then\n    # print error to STDERR\n    echo \"error: The sandbox is not in sync with the Podfile.lock. Run 'pod install' or update your CocoaPods installation.\" >&2\n    exit 1\nfi\n# This output is used by Xcode 'outputs' to avoid re-running this script phase.\necho \"SUCCESS\" > \"${SCRIPT_OUTPUT_FILE_0}\"\n";
			showEnvVarsInLog = 0;
		};
/* End PBXShellScriptBuildPhase section */

/* Begin PBXSourcesBuildPhase section */
		A6B320AE2A3CAF51003C8A22 /* Sources */ = {
			isa = PBXSourcesBuildPhase;
			buildActionMask = 2147483647;
			files = (
				A6B320EC2A3CB352003C8A22 /* LoginViewController.swift in Sources */,
				A6B320FA2A3CBD59003C8A22 /* Extensions.swift in Sources */,
				A6B320F32A3CB480003C8A22 /* NewConversationViewController.swift in Sources */,
				A6B320EE2A3CB376003C8A22 /* RegisterViewController.swift in Sources */,
				A6B320BA2A3CAF51003C8A22 /* ConversationsViewController.swift in Sources */,
				A6B320B62A3CAF51003C8A22 /* AppDelegate.swift in Sources */,
				A6B320B82A3CAF51003C8A22 /* SceneDelegate.swift in Sources */,
				A6B320F52A3CB50A003C8A22 /* ProfileViewController.swift in Sources */,
				A6B320F02A3CB396003C8A22 /* PhotoViewerViewController.swift in Sources */,
			);
			runOnlyForDeploymentPostprocessing = 0;
		};
		A6B320C42A3CAF53003C8A22 /* Sources */ = {
			isa = PBXSourcesBuildPhase;
			buildActionMask = 2147483647;
			files = (
				A6B320CD2A3CAF53003C8A22 /* MessangerTests.swift in Sources */,
			);
			runOnlyForDeploymentPostprocessing = 0;
		};
		A6B320CE2A3CAF53003C8A22 /* Sources */ = {
			isa = PBXSourcesBuildPhase;
			buildActionMask = 2147483647;
			files = (
				A6B320D92A3CAF53003C8A22 /* MessangerUITestsLaunchTests.swift in Sources */,
				A6B320D72A3CAF53003C8A22 /* MessangerUITests.swift in Sources */,
			);
			runOnlyForDeploymentPostprocessing = 0;
		};
/* End PBXSourcesBuildPhase section */

/* Begin PBXTargetDependency section */
		A6B320CA2A3CAF53003C8A22 /* PBXTargetDependency */ = {
			isa = PBXTargetDependency;
			target = A6B320B12A3CAF51003C8A22 /* Messanger */;
			targetProxy = A6B320C92A3CAF53003C8A22 /* PBXContainerItemProxy */;
		};
		A6B320D42A3CAF53003C8A22 /* PBXTargetDependency */ = {
			isa = PBXTargetDependency;
			target = A6B320B12A3CAF51003C8A22 /* Messanger */;
			targetProxy = A6B320D32A3CAF53003C8A22 /* PBXContainerItemProxy */;
		};
/* End PBXTargetDependency section */

/* Begin PBXVariantGroup section */
		A6B320BB2A3CAF51003C8A22 /* Main.storyboard */ = {
			isa = PBXVariantGroup;
			children = (
				A6B320BC2A3CAF51003C8A22 /* Base */,
			);
			name = Main.storyboard;
			sourceTree = "<group>";
		};
		A6B320C02A3CAF53003C8A22 /* LaunchScreen.storyboard */ = {
			isa = PBXVariantGroup;
			children = (
				A6B320C12A3CAF53003C8A22 /* Base */,
			);
			name = LaunchScreen.storyboard;
			sourceTree = "<group>";
		};
/* End PBXVariantGroup section */

/* Begin XCBuildConfiguration section */
		A6B320DA2A3CAF53003C8A22 /* Debug */ = {
			isa = XCBuildConfiguration;
			buildSettings = {
				ALWAYS_SEARCH_USER_PATHS = NO;
				CLANG_ANALYZER_NONNULL = YES;
				CLANG_ANALYZER_NUMBER_OBJECT_CONVERSION = YES_AGGRESSIVE;
				CLANG_CXX_LANGUAGE_STANDARD = "gnu++20";
				CLANG_ENABLE_MODULES = YES;
				CLANG_ENABLE_OBJC_ARC = YES;
				CLANG_ENABLE_OBJC_WEAK = YES;
				CLANG_WARN_BLOCK_CAPTURE_AUTORELEASING = YES;
				CLANG_WARN_BOOL_CONVERSION = YES;
				CLANG_WARN_COMMA = YES;
				CLANG_WARN_CONSTANT_CONVERSION = YES;
				CLANG_WARN_DEPRECATED_OBJC_IMPLEMENTATIONS = YES;
				CLANG_WARN_DIRECT_OBJC_ISA_USAGE = YES_ERROR;
				CLANG_WARN_DOCUMENTATION_COMMENTS = YES;
				CLANG_WARN_EMPTY_BODY = YES;
				CLANG_WARN_ENUM_CONVERSION = YES;
				CLANG_WARN_INFINITE_RECURSION = YES;
				CLANG_WARN_INT_CONVERSION = YES;
				CLANG_WARN_NON_LITERAL_NULL_CONVERSION = YES;
				CLANG_WARN_OBJC_IMPLICIT_RETAIN_SELF = YES;
				CLANG_WARN_OBJC_LITERAL_CONVERSION = YES;
				CLANG_WARN_OBJC_ROOT_CLASS = YES_ERROR;
				CLANG_WARN_QUOTED_INCLUDE_IN_FRAMEWORK_HEADER = YES;
				CLANG_WARN_RANGE_LOOP_ANALYSIS = YES;
				CLANG_WARN_STRICT_PROTOTYPES = YES;
				CLANG_WARN_SUSPICIOUS_MOVE = YES;
				CLANG_WARN_UNGUARDED_AVAILABILITY = YES_AGGRESSIVE;
				CLANG_WARN_UNREACHABLE_CODE = YES;
				CLANG_WARN__DUPLICATE_METHOD_MATCH = YES;
				COPY_PHASE_STRIP = NO;
				DEBUG_INFORMATION_FORMAT = dwarf;
				ENABLE_STRICT_OBJC_MSGSEND = YES;
				ENABLE_TESTABILITY = YES;
				GCC_C_LANGUAGE_STANDARD = gnu11;
				GCC_DYNAMIC_NO_PIC = NO;
				GCC_NO_COMMON_BLOCKS = YES;
				GCC_OPTIMIZATION_LEVEL = 0;
				GCC_PREPROCESSOR_DEFINITIONS = (
					"DEBUG=1",
					"$(inherited)",
				);
				GCC_WARN_64_TO_32_BIT_CONVERSION = YES;
				GCC_WARN_ABOUT_RETURN_TYPE = YES_ERROR;
				GCC_WARN_UNDECLARED_SELECTOR = YES;
				GCC_WARN_UNINITIALIZED_AUTOS = YES_AGGRESSIVE;
				GCC_WARN_UNUSED_FUNCTION = YES;
				GCC_WARN_UNUSED_VARIABLE = YES;
				IPHONEOS_DEPLOYMENT_TARGET = 16.2;
				MTL_ENABLE_DEBUG_INFO = INCLUDE_SOURCE;
				MTL_FAST_MATH = YES;
				ONLY_ACTIVE_ARCH = YES;
				SDKROOT = iphoneos;
				SWIFT_ACTIVE_COMPILATION_CONDITIONS = DEBUG;
				SWIFT_OPTIMIZATION_LEVEL = "-Onone";
			};
			name = Debug;
		};
		A6B320DB2A3CAF53003C8A22 /* Release */ = {
			isa = XCBuildConfiguration;
			buildSettings = {
				ALWAYS_SEARCH_USER_PATHS = NO;
				CLANG_ANALYZER_NONNULL = YES;
				CLANG_ANALYZER_NUMBER_OBJECT_CONVERSION = YES_AGGRESSIVE;
				CLANG_CXX_LANGUAGE_STANDARD = "gnu++20";
				CLANG_ENABLE_MODULES = YES;
				CLANG_ENABLE_OBJC_ARC = YES;
				CLANG_ENABLE_OBJC_WEAK = YES;
				CLANG_WARN_BLOCK_CAPTURE_AUTORELEASING = YES;
				CLANG_WARN_BOOL_CONVERSION = YES;
				CLANG_WARN_COMMA = YES;
				CLANG_WARN_CONSTANT_CONVERSION = YES;
				CLANG_WARN_DEPRECATED_OBJC_IMPLEMENTATIONS = YES;
				CLANG_WARN_DIRECT_OBJC_ISA_USAGE = YES_ERROR;
				CLANG_WARN_DOCUMENTATION_COMMENTS = YES;
				CLANG_WARN_EMPTY_BODY = YES;
				CLANG_WARN_ENUM_CONVERSION = YES;
				CLANG_WARN_INFINITE_RECURSION = YES;
				CLANG_WARN_INT_CONVERSION = YES;
				CLANG_WARN_NON_LITERAL_NULL_CONVERSION = YES;
				CLANG_WARN_OBJC_IMPLICIT_RETAIN_SELF = YES;
				CLANG_WARN_OBJC_LITERAL_CONVERSION = YES;
				CLANG_WARN_OBJC_ROOT_CLASS = YES_ERROR;
				CLANG_WARN_QUOTED_INCLUDE_IN_FRAMEWORK_HEADER = YES;
				CLANG_WARN_RANGE_LOOP_ANALYSIS = YES;
				CLANG_WARN_STRICT_PROTOTYPES = YES;
				CLANG_WARN_SUSPICIOUS_MOVE = YES;
				CLANG_WARN_UNGUARDED_AVAILABILITY = YES_AGGRESSIVE;
				CLANG_WARN_UNREACHABLE_CODE = YES;
				CLANG_WARN__DUPLICATE_METHOD_MATCH = YES;
				COPY_PHASE_STRIP = NO;
				DEBUG_INFORMATION_FORMAT = "dwarf-with-dsym";
				ENABLE_NS_ASSERTIONS = NO;
				ENABLE_STRICT_OBJC_MSGSEND = YES;
				GCC_C_LANGUAGE_STANDARD = gnu11;
				GCC_NO_COMMON_BLOCKS = YES;
				GCC_WARN_64_TO_32_BIT_CONVERSION = YES;
				GCC_WARN_ABOUT_RETURN_TYPE = YES_ERROR;
				GCC_WARN_UNDECLARED_SELECTOR = YES;
				GCC_WARN_UNINITIALIZED_AUTOS = YES_AGGRESSIVE;
				GCC_WARN_UNUSED_FUNCTION = YES;
				GCC_WARN_UNUSED_VARIABLE = YES;
				IPHONEOS_DEPLOYMENT_TARGET = 16.2;
				MTL_ENABLE_DEBUG_INFO = NO;
				MTL_FAST_MATH = YES;
				SDKROOT = iphoneos;
				SWIFT_COMPILATION_MODE = wholemodule;
				SWIFT_OPTIMIZATION_LEVEL = "-O";
				VALIDATE_PRODUCT = YES;
			};
			name = Release;
		};
		A6B320DD2A3CAF53003C8A22 /* Debug */ = {
			isa = XCBuildConfiguration;
			baseConfigurationReference = 87A8A5997F7CD258CBB56B8C /* Pods-Messanger.debug.xcconfig */;
			buildSettings = {
				ASSETCATALOG_COMPILER_APPICON_NAME = AppIcon;
				ASSETCATALOG_COMPILER_GLOBAL_ACCENT_COLOR_NAME = AccentColor;
				CODE_SIGN_STYLE = Automatic;
				CURRENT_PROJECT_VERSION = 1;
				GENERATE_INFOPLIST_FILE = YES;
				INFOPLIST_FILE = Messanger/Info.plist;
				INFOPLIST_KEY_UIApplicationSupportsIndirectInputEvents = YES;
				INFOPLIST_KEY_UILaunchStoryboardName = LaunchScreen;
				INFOPLIST_KEY_UIMainStoryboardFile = Main;
				INFOPLIST_KEY_UISupportedInterfaceOrientations = UIInterfaceOrientationPortrait;
				IPHONEOS_DEPLOYMENT_TARGET = 15.0;
				LD_RUNPATH_SEARCH_PATHS = (
					"$(inherited)",
					"@executable_path/Frameworks",
				);
				MARKETING_VERSION = 1.0;
				PRODUCT_BUNDLE_IDENTIFIER = "-2.Messanger";
				PRODUCT_NAME = "$(TARGET_NAME)";
				SWIFT_EMIT_LOC_STRINGS = YES;
				SWIFT_VERSION = 5.0;
				TARGETED_DEVICE_FAMILY = "1,2";
			};
			name = Debug;
		};
		A6B320DE2A3CAF53003C8A22 /* Release */ = {
			isa = XCBuildConfiguration;
			baseConfigurationReference = E20CBF02D3368B65DDF90048 /* Pods-Messanger.release.xcconfig */;
			buildSettings = {
				ASSETCATALOG_COMPILER_APPICON_NAME = AppIcon;
				ASSETCATALOG_COMPILER_GLOBAL_ACCENT_COLOR_NAME = AccentColor;
				CODE_SIGN_STYLE = Automatic;
				CURRENT_PROJECT_VERSION = 1;
				GENERATE_INFOPLIST_FILE = YES;
				INFOPLIST_FILE = Messanger/Info.plist;
				INFOPLIST_KEY_UIApplicationSupportsIndirectInputEvents = YES;
				INFOPLIST_KEY_UILaunchStoryboardName = LaunchScreen;
				INFOPLIST_KEY_UIMainStoryboardFile = Main;
				INFOPLIST_KEY_UISupportedInterfaceOrientations = UIInterfaceOrientationPortrait;
				IPHONEOS_DEPLOYMENT_TARGET = 15.0;
				LD_RUNPATH_SEARCH_PATHS = (
					"$(inherited)",
					"@executable_path/Frameworks",
				);
				MARKETING_VERSION = 1.0;
				PRODUCT_BUNDLE_IDENTIFIER = "-2.Messanger";
				PRODUCT_NAME = "$(TARGET_NAME)";
				SWIFT_EMIT_LOC_STRINGS = YES;
				SWIFT_VERSION = 5.0;
				TARGETED_DEVICE_FAMILY = "1,2";
			};
			name = Release;
		};
		A6B320E02A3CAF53003C8A22 /* Debug */ = {
			isa = XCBuildConfiguration;
			baseConfigurationReference = 62ADFD7EE78F53DA3A63FC40 /* Pods-MessangerTests.debug.xcconfig */;
			buildSettings = {
				ALWAYS_EMBED_SWIFT_STANDARD_LIBRARIES = YES;
				BUNDLE_LOADER = "$(TEST_HOST)";
				CODE_SIGN_STYLE = Automatic;
				CURRENT_PROJECT_VERSION = 1;
				GENERATE_INFOPLIST_FILE = YES;
				IPHONEOS_DEPLOYMENT_TARGET = 16.2;
				MARKETING_VERSION = 1.0;
				PRODUCT_BUNDLE_IDENTIFIER = "-2.MessangerTests";
				PRODUCT_NAME = "$(TARGET_NAME)";
				SWIFT_EMIT_LOC_STRINGS = NO;
				SWIFT_VERSION = 5.0;
				TARGETED_DEVICE_FAMILY = "1,2";
				TEST_HOST = "$(BUILT_PRODUCTS_DIR)/Messanger.app/$(BUNDLE_EXECUTABLE_FOLDER_PATH)/Messanger";
			};
			name = Debug;
		};
		A6B320E12A3CAF53003C8A22 /* Release */ = {
			isa = XCBuildConfiguration;
			baseConfigurationReference = 3528238138B4831AD5B9231A /* Pods-MessangerTests.release.xcconfig */;
			buildSettings = {
				ALWAYS_EMBED_SWIFT_STANDARD_LIBRARIES = YES;
				BUNDLE_LOADER = "$(TEST_HOST)";
				CODE_SIGN_STYLE = Automatic;
				CURRENT_PROJECT_VERSION = 1;
				GENERATE_INFOPLIST_FILE = YES;
				IPHONEOS_DEPLOYMENT_TARGET = 16.2;
				MARKETING_VERSION = 1.0;
				PRODUCT_BUNDLE_IDENTIFIER = "-2.MessangerTests";
				PRODUCT_NAME = "$(TARGET_NAME)";
				SWIFT_EMIT_LOC_STRINGS = NO;
				SWIFT_VERSION = 5.0;
				TARGETED_DEVICE_FAMILY = "1,2";
				TEST_HOST = "$(BUILT_PRODUCTS_DIR)/Messanger.app/$(BUNDLE_EXECUTABLE_FOLDER_PATH)/Messanger";
			};
			name = Release;
		};
		A6B320E32A3CAF53003C8A22 /* Debug */ = {
			isa = XCBuildConfiguration;
			baseConfigurationReference = 7B485D8794AB750E5DE8BF0F /* Pods-Messanger-MessangerUITests.debug.xcconfig */;
			buildSettings = {
				ALWAYS_EMBED_SWIFT_STANDARD_LIBRARIES = YES;
				CODE_SIGN_STYLE = Automatic;
				CURRENT_PROJECT_VERSION = 1;
				GENERATE_INFOPLIST_FILE = YES;
				MARKETING_VERSION = 1.0;
				PRODUCT_BUNDLE_IDENTIFIER = "-2.MessangerUITests";
				PRODUCT_NAME = "$(TARGET_NAME)";
				SWIFT_EMIT_LOC_STRINGS = NO;
				SWIFT_VERSION = 5.0;
				TARGETED_DEVICE_FAMILY = "1,2";
				TEST_TARGET_NAME = Messanger;
			};
			name = Debug;
		};
		A6B320E42A3CAF53003C8A22 /* Release */ = {
			isa = XCBuildConfiguration;
			baseConfigurationReference = 425B39A77F38A2FA437D366D /* Pods-Messanger-MessangerUITests.release.xcconfig */;
			buildSettings = {
				ALWAYS_EMBED_SWIFT_STANDARD_LIBRARIES = YES;
				CODE_SIGN_STYLE = Automatic;
				CURRENT_PROJECT_VERSION = 1;
				GENERATE_INFOPLIST_FILE = YES;
				MARKETING_VERSION = 1.0;
				PRODUCT_BUNDLE_IDENTIFIER = "-2.MessangerUITests";
				PRODUCT_NAME = "$(TARGET_NAME)";
				SWIFT_EMIT_LOC_STRINGS = NO;
				SWIFT_VERSION = 5.0;
				TARGETED_DEVICE_FAMILY = "1,2";
				TEST_TARGET_NAME = Messanger;
			};
			name = Release;
		};
/* End XCBuildConfiguration section */

/* Begin XCConfigurationList section */
		A6B320AD2A3CAF51003C8A22 /* Build configuration list for PBXProject "Messanger" */ = {
			isa = XCConfigurationList;
			buildConfigurations = (
				A6B320DA2A3CAF53003C8A22 /* Debug */,
				A6B320DB2A3CAF53003C8A22 /* Release */,
			);
			defaultConfigurationIsVisible = 0;
			defaultConfigurationName = Release;
		};
		A6B320DC2A3CAF53003C8A22 /* Build configuration list for PBXNativeTarget "Messanger" */ = {
			isa = XCConfigurationList;
			buildConfigurations = (
				A6B320DD2A3CAF53003C8A22 /* Debug */,
				A6B320DE2A3CAF53003C8A22 /* Release */,
			);
			defaultConfigurationIsVisible = 0;
			defaultConfigurationName = Release;
		};
		A6B320DF2A3CAF53003C8A22 /* Build configuration list for PBXNativeTarget "MessangerTests" */ = {
			isa = XCConfigurationList;
			buildConfigurations = (
				A6B320E02A3CAF53003C8A22 /* Debug */,
				A6B320E12A3CAF53003C8A22 /* Release */,
			);
			defaultConfigurationIsVisible = 0;
			defaultConfigurationName = Release;
		};
		A6B320E22A3CAF53003C8A22 /* Build configuration list for PBXNativeTarget "MessangerUITests" */ = {
			isa = XCConfigurationList;
			buildConfigurations = (
				A6B320E32A3CAF53003C8A22 /* Debug */,
				A6B320E42A3CAF53003C8A22 /* Release */,
			);
			defaultConfigurationIsVisible = 0;
			defaultConfigurationName = Release;
		};
/* End XCConfigurationList section */
	};
	rootObject = A6B320AA2A3CAF51003C8A22 /* Project object */;
}
